
Microsoft Visual Studio Solution File, Format Version 12.00
# Visual Studio Version 17
VisualStudioVersion = 17.14.36915.13 d17.14
MinimumVisualStudioVersion = 10.0.40219.1
Project("{FAE04EC0-301F-11D3-BF4B-00C04F79EFBC}") = "Server_API", "Server_API.csproj", "{1D9326E5-782E-471D-B2D0-DA82FE770753}"
EndProject
Global
	GlobalSection(SolutionConfigurationPlatforms) = preSolution
		Debug|Any CPU = Debug|Any CPU
		Release|Any CPU = Release|Any CPU
	EndGlobalSection
	GlobalSection(ProjectConfigurationPlatforms) = postSolution
		{1D9326E5-782E-471D-B2D0-DA82FE770753}.Debug|Any CPU.ActiveCfg = Debug|Any CPU
		{1D9326E5-782E-471D-B2D0-DA82FE770753}.Debug|Any CPU.Build.0 = Debug|Any CPU
		{1D9326E5-782E-471D-B2D0-DA82FE770753}.Release|Any CPU.ActiveCfg = Release|Any CPU
		{1D9326E5-782E-471D-B2D0-DA82FE770753}.Release|Any CPU.Build.0 = Release|Any CPU
	EndGlobalSection
	GlobalSection(SolutionProperties) = preSolution
		HideSolutionNode = FALSE
	EndGlobalSection
	GlobalSection(ExtensibilityGlobals) = postSolution
		SolutionGuid = {D97628F0-DD7F-498F-B0D3-B23DB2FC971A}
	EndGlobalSection
EndGlobal
